
Microsoft Visual Studio Solution File, Format Version 12.00
# Visual Studio Version 16
VisualStudioVersion = 16.0.29721.120
MinimumVisualStudioVersion = 10.0.40219.1
Project("{9A19103F-16F7-4668-BE54-9A1E7A4F7556}") = "Taxi.Common", "Taxi.Common\Taxi.Common.csproj", "{5A783F00-4F2E-4E4C-8B5A-20172483A74D}"
EndProject
Project("{9A19103F-16F7-4668-BE54-9A1E7A4F7556}") = "Taxi.Web", "Taxi.Web\Taxi.Web.csproj", "{EC814D64-47C9-478A-9CAA-445A81A48A16}"
EndProject
Project("{FAE04EC0-301F-11D3-BF4B-00C04F79EFBC}") = "Taxi.Prism", "Taxi.Prism\Taxi.Prism\Taxi.Prism.csproj", "{DDBC6554-10D4-4C82-8E69-31E6D42E9B1D}"
EndProject
Project("{FAE04EC0-301F-11D3-BF4B-00C04F79EFBC}") = "Taxi.Prism.Android", "Taxi.Prism\Taxi.Prism.Android\Taxi.Prism.Android.csproj", "{21D1DEA2-B909-4B77-9B65-382D3E69A53E}"
EndProject
Project("{FAE04EC0-301F-11D3-BF4B-00C04F79EFBC}") = "Taxi.Prism.iOS", "Taxi.Prism\Taxi.Prism.iOS\Taxi.Prism.iOS.csproj", "{1A0B38BC-8B5D-49D1-B552-7AE2FA8C8F6E}"
EndProject
Project("{FAE04EC0-301F-11D3-BF4B-00C04F79EFBC}") = "Taxi.Cross.Android", "Taxi.Cross.Android\Taxi.Cross.Android.csproj", "{7E141623-E849-42C3-9870-3D1D7B6D2C6A}"
EndProject
Project("{FAE04EC0-301F-11D3-BF4B-00C04F79EFBC}") = "Taxi.Cross.iOs", "Taxi.Cross.iOs\Taxi.Cross.iOs.csproj", "{3743086E-851C-488B-B7CF-D65FCA70E634}"
EndProject
Global
	GlobalSection(SolutionConfigurationPlatforms) = preSolution
		Ad-Hoc|Any CPU = Ad-Hoc|Any CPU
		Ad-Hoc|iPhone = Ad-Hoc|iPhone
		Ad-Hoc|iPhoneSimulator = Ad-Hoc|iPhoneSimulator
		AppStore|Any CPU = AppStore|Any CPU
		AppStore|iPhone = AppStore|iPhone
		AppStore|iPhoneSimulator = AppStore|iPhoneSimulator
		Debug|Any CPU = Debug|Any CPU
		Debug|iPhone = Debug|iPhone
		Debug|iPhoneSimulator = Debug|iPhoneSimulator
		Release|Any CPU = Release|Any CPU
		Release|iPhone = Release|iPhone
		Release|iPhoneSimulator = Release|iPhoneSimulator
	EndGlobalSection
	GlobalSection(ProjectConfigurationPlatforms) = postSolution
		{5A783F00-4F2E-4E4C-8B5A-20172483A74D}.Ad-Hoc|Any CPU.ActiveCfg = Release|Any CPU
		{5A783F00-4F2E-4E4C-8B5A-20172483A74D}.Ad-Hoc|Any CPU.Build.0 = Release|Any CPU
		{5A783F00-4F2E-4E4C-8B5A-20172483A74D}.Ad-Hoc|iPhone.ActiveCfg = Release|Any CPU
		{5A783F00-4F2E-4E4C-8B5A-20172483A74D}.Ad-Hoc|iPhone.Build.0 = Release|Any CPU
		{5A783F00-4F2E-4E4C-8B5A-20172483A74D}.Ad-Hoc|iPhoneSimulator.ActiveCfg = Release|Any CPU
		{5A783F00-4F2E-4E4C-8B5A-20172483A74D}.Ad-Hoc|iPhoneSimulator.Build.0 = Release|Any CPU
		{5A783F00-4F2E-4E4C-8B5A-20172483A74D}.AppStore|Any CPU.ActiveCfg = Release|Any CPU
		{5A783F00-4F2E-4E4C-8B5A-20172483A74D}.AppStore|Any CPU.Build.0 = Release|Any CPU
		{5A783F00-4F2E-4E4C-8B5A-20172483A74D}.AppStore|iPhone.ActiveCfg = Release|Any CPU
		{5A783F00-4F2E-4E4C-8B5A-20172483A74D}.AppStore|iPhone.Build.0 = Release|Any CPU
		{5A783F00-4F2E-4E4C-8B5A-20172483A74D}.AppStore|iPhoneSimulator.ActiveCfg = Release|Any CPU
		{5A783F00-4F2E-4E4C-8B5A-20172483A74D}.AppStore|iPhoneSimulator.Build.0 = Release|Any CPU
		{5A783F00-4F2E-4E4C-8B5A-20172483A74D}.Debug|Any CPU.ActiveCfg = Debug|Any CPU
		{5A783F00-4F2E-4E4C-8B5A-20172483A74D}.Debug|Any CPU.Build.0 = Debug|Any CPU
		{5A783F00-4F2E-4E4C-8B5A-20172483A74D}.Debug|iPhone.ActiveCfg = Debug|Any CPU
		{5A783F00-4F2E-4E4C-8B5A-20172483A74D}.Debug|iPhone.Build.0 = Debug|Any CPU
		{5A783F00-4F2E-4E4C-8B5A-20172483A74D}.Debug|iPhoneSimulator.ActiveCfg = Debug|Any CPU
		{5A783F00-4F2E-4E4C-8B5A-20172483A74D}.Debug|iPhoneSimulator.Build.0 = Debug|Any CPU
		{5A783F00-4F2E-4E4C-8B5A-20172483A74D}.Release|Any CPU.ActiveCfg = Release|Any CPU
		{5A783F00-4F2E-4E4C-8B5A-20172483A74D}.Release|Any CPU.Build.0 = Release|Any CPU
		{5A783F00-4F2E-4E4C-8B5A-20172483A74D}.Release|iPhone.ActiveCfg = Release|Any CPU
		{5A783F00-4F2E-4E4C-8B5A-20172483A74D}.Release|iPhone.Build.0 = Release|Any CPU
		{5A783F00-4F2E-4E4C-8B5A-20172483A74D}.Release|iPhoneSimulator.ActiveCfg = Release|Any CPU
		{5A783F00-4F2E-4E4C-8B5A-20172483A74D}.Release|iPhoneSimulator.Build.0 = Release|Any CPU
		{EC814D64-47C9-478A-9CAA-445A81A48A16}.Ad-Hoc|Any CPU.ActiveCfg = Release|Any CPU
		{EC814D64-47C9-478A-9CAA-445A81A48A16}.Ad-Hoc|Any CPU.Build.0 = Release|Any CPU
		{EC814D64-47C9-478A-9CAA-445A81A48A16}.Ad-Hoc|iPhone.ActiveCfg = Release|Any CPU
		{EC814D64-47C9-478A-9CAA-445A81A48A16}.Ad-Hoc|iPhone.Build.0 = Release|Any CPU
		{EC814D64-47C9-478A-9CAA-445A81A48A16}.Ad-Hoc|iPhoneSimulator.ActiveCfg = Release|Any CPU
		{EC814D64-47C9-478A-9CAA-445A81A48A16}.Ad-Hoc|iPhoneSimulator.Build.0 = Release|Any CPU
		{EC814D64-47C9-478A-9CAA-445A81A48A16}.AppStore|Any CPU.ActiveCfg = Release|Any CPU
		{EC814D64-47C9-478A-9CAA-445A81A48A16}.AppStore|Any CPU.Build.0 = Release|Any CPU
		{EC814D64-47C9-478A-9CAA-445A81A48A16}.AppStore|iPhone.ActiveCfg = Release|Any CPU
		{EC814D64-47C9-478A-9CAA-445A81A48A16}.AppStore|iPhone.Build.0 = Release|Any CPU
		{EC814D64-47C9-478A-9CAA-445A81A48A16}.AppStore|iPhoneSimulator.ActiveCfg = Release|Any CPU
		{EC814D64-47C9-478A-9CAA-445A81A48A16}.AppStore|iPhoneSimulator.Build.0 = Release|Any CPU
		{EC814D64-47C9-478A-9CAA-445A81A48A16}.Debug|Any CPU.ActiveCfg = Debug|Any CPU
		{EC814D64-47C9-478A-9CAA-445A81A48A16}.Debug|Any CPU.Build.0 = Debug|Any CPU
		{EC814D64-47C9-478A-9CAA-445A81A48A16}.Debug|iPhone.ActiveCfg = Debug|Any CPU
		{EC814D64-47C9-478A-9CAA-445A81A48A16}.Debug|iPhone.Build.0 = Debug|Any CPU
		{EC814D64-47C9-478A-9CAA-445A81A48A16}.Debug|iPhoneSimulator.ActiveCfg = Debug|Any CPU
		{EC814D64-47C9-478A-9CAA-445A81A48A16}.Debug|iPhoneSimulator.Build.0 = Debug|Any CPU
		{EC814D64-47C9-478A-9CAA-445A81A48A16}.Release|Any CPU.ActiveCfg = Release|Any CPU
		{EC814D64-47C9-478A-9CAA-445A81A48A16}.Release|Any CPU.Build.0 = Release|Any CPU
		{EC814D64-47C9-478A-9CAA-445A81A48A16}.Release|iPhone.ActiveCfg = Release|Any CPU
		{EC814D64-47C9-478A-9CAA-445A81A48A16}.Release|iPhone.Build.0 = Release|Any CPU
		{EC814D64-47C9-478A-9CAA-445A81A48A16}.Release|iPhoneSimulator.ActiveCfg = Release|Any CPU
		{EC814D64-47C9-478A-9CAA-445A81A48A16}.Release|iPhoneSimulator.Build.0 = Release|Any CPU
		{DDBC6554-10D4-4C82-8E69-31E6D42E9B1D}.Ad-Hoc|Any CPU.ActiveCfg = Debug|Any CPU
		{DDBC6554-10D4-4C82-8E69-31E6D42E9B1D}.Ad-Hoc|Any CPU.Build.0 = Debug|Any CPU
		{DDBC6554-10D4-4C82-8E69-31E6D42E9B1D}.Ad-Hoc|iPhone.ActiveCfg = Debug|Any CPU
		{DDBC6554-10D4-4C82-8E69-31E6D42E9B1D}.Ad-Hoc|iPhone.Build.0 = Debug|Any CPU
		{DDBC6554-10D4-4C82-8E69-31E6D42E9B1D}.Ad-Hoc|iPhoneSimulator.ActiveCfg = Debug|Any CPU
		{DDBC6554-10D4-4C82-8E69-31E6D42E9B1D}.Ad-Hoc|iPhoneSimulator.Build.0 = Debug|Any CPU
		{DDBC6554-10D4-4C82-8E69-31E6D42E9B1D}.AppStore|Any CPU.ActiveCfg = Debug|Any CPU
		{DDBC6554-10D4-4C82-8E69-31E6D42E9B1D}.AppStore|Any CPU.Build.0 = Debug|Any CPU
		{DDBC6554-10D4-4C82-8E69-31E6D42E9B1D}.AppStore|iPhone.ActiveCfg = Debug|Any CPU
		{DDBC6554-10D4-4C82-8E69-31E6D42E9B1D}.AppStore|iPhone.Build.0 = Debug|Any CPU
		{DDBC6554-10D4-4C82-8E69-31E6D42E9B1D}.AppStore|iPhoneSimulator.ActiveCfg = Debug|Any CPU
		{DDBC6554-10D4-4C82-8E69-31E6D42E9B1D}.AppStore|iPhoneSimulator.Build.0 = Debug|Any CPU
		{DDBC6554-10D4-4C82-8E69-31E6D42E9B1D}.Debug|Any CPU.ActiveCfg = Debug|Any CPU
		{DDBC6554-10D4-4C82-8E69-31E6D42E9B1D}.Debug|Any CPU.Build.0 = Debug|Any CPU
		{DDBC6554-10D4-4C82-8E69-31E6D42E9B1D}.Debug|iPhone.ActiveCfg = Debug|Any CPU
		{DDBC6554-10D4-4C82-8E69-31E6D42E9B1D}.Debug|iPhone.Build.0 = Debug|Any CPU
		{DDBC6554-10D4-4C82-8E69-31E6D42E9B1D}.Debug|iPhoneSimulator.ActiveCfg = Debug|Any CPU
		{DDBC6554-10D4-4C82-8E69-31E6D42E9B1D}.Debug|iPhoneSimulator.Build.0 = Debug|Any CPU
		{DDBC6554-10D4-4C82-8E69-31E6D42E9B1D}.Release|Any CPU.ActiveCfg = Release|Any CPU
		{DDBC6554-10D4-4C82-8E69-31E6D42E9B1D}.Release|Any CPU.Build.0 = Release|Any CPU
		{DDBC6554-10D4-4C82-8E69-31E6D42E9B1D}.Release|iPhone.ActiveCfg = Release|Any CPU
		{DDBC6554-10D4-4C82-8E69-31E6D42E9B1D}.Release|iPhone.Build.0 = Release|Any CPU
		{DDBC6554-10D4-4C82-8E69-31E6D42E9B1D}.Release|iPhoneSimulator.ActiveCfg = Release|Any CPU
		{DDBC6554-10D4-4C82-8E69-31E6D42E9B1D}.Release|iPhoneSimulator.Build.0 = Release|Any CPU
		{21D1DEA2-B909-4B77-9B65-382D3E69A53E}.Ad-Hoc|Any CPU.ActiveCfg = Release|Any CPU
		{21D1DEA2-B909-4B77-9B65-382D3E69A53E}.Ad-Hoc|Any CPU.Build.0 = Release|Any CPU
		{21D1DEA2-B909-4B77-9B65-382D3E69A53E}.Ad-Hoc|Any CPU.Deploy.0 = Release|Any CPU
		{21D1DEA2-B909-4B77-9B65-382D3E69A53E}.Ad-Hoc|iPhone.ActiveCfg = Release|Any CPU
		{21D1DEA2-B909-4B77-9B65-382D3E69A53E}.Ad-Hoc|iPhone.Build.0 = Release|Any CPU
		{21D1DEA2-B909-4B77-9B65-382D3E69A53E}.Ad-Hoc|iPhone.Deploy.0 = Release|Any CPU
		{21D1DEA2-B909-4B77-9B65-382D3E69A53E}.Ad-Hoc|iPhoneSimulator.ActiveCfg = Release|Any CPU
		{21D1DEA2-B909-4B77-9B65-382D3E69A53E}.Ad-Hoc|iPhoneSimulator.Build.0 = Release|Any CPU
		{21D1DEA2-B909-4B77-9B65-382D3E69A53E}.Ad-Hoc|iPhoneSimulator.Deploy.0 = Release|Any CPU
		{21D1DEA2-B909-4B77-9B65-382D3E69A53E}.AppStore|Any CPU.ActiveCfg = Release|Any CPU
		{21D1DEA2-B909-4B77-9B65-382D3E69A53E}.AppStore|Any CPU.Build.0 = Release|Any CPU
		{21D1DEA2-B909-4B77-9B65-382D3E69A53E}.AppStore|Any CPU.Deploy.0 = Release|Any CPU
		{21D1DEA2-B909-4B77-9B65-382D3E69A53E}.AppStore|iPhone.ActiveCfg = Release|Any CPU
		{21D1DEA2-B909-4B77-9B65-382D3E69A53E}.AppStore|iPhone.Build.0 = Release|Any CPU
		{21D1DEA2-B909-4B77-9B65-382D3E69A53E}.AppStore|iPhone.Deploy.0 = Release|Any CPU
		{21D1DEA2-B909-4B77-9B65-382D3E69A53E}.AppStore|iPhoneSimulator.ActiveCfg = Release|Any CPU
		{21D1DEA2-B909-4B77-9B65-382D3E69A53E}.AppStore|iPhoneSimulator.Build.0 = Release|Any CPU
		{21D1DEA2-B909-4B77-9B65-382D3E69A53E}.AppStore|iPhoneSimulator.Deploy.0 = Release|Any CPU
		{21D1DEA2-B909-4B77-9B65-382D3E69A53E}.Debug|Any CPU.ActiveCfg = Debug|Any CPU
		{21D1DEA2-B909-4B77-9B65-382D3E69A53E}.Debug|Any CPU.Build.0 = Debug|Any CPU
		{21D1DEA2-B909-4B77-9B65-382D3E69A53E}.Debug|Any CPU.Deploy.0 = Debug|Any CPU
		{21D1DEA2-B909-4B77-9B65-382D3E69A53E}.Debug|iPhone.ActiveCfg = Debug|Any CPU
		{21D1DEA2-B909-4B77-9B65-382D3E69A53E}.Debug|iPhone.Build.0 = Debug|Any CPU
		{21D1DEA2-B909-4B77-9B65-382D3E69A53E}.Debug|iPhone.Deploy.0 = Debug|Any CPU
		{21D1DEA2-B909-4B77-9B65-382D3E69A53E}.Debug|iPhoneSimulator.ActiveCfg = Debug|Any CPU
		{21D1DEA2-B909-4B77-9B65-382D3E69A53E}.Debug|iPhoneSimulator.Build.0 = Debug|Any CPU
		{21D1DEA2-B909-4B77-9B65-382D3E69A53E}.Debug|iPhoneSimulator.Deploy.0 = Debug|Any CPU
		{21D1DEA2-B909-4B77-9B65-382D3E69A53E}.Release|Any CPU.ActiveCfg = Release|Any CPU
		{21D1DEA2-B909-4B77-9B65-382D3E69A53E}.Release|Any CPU.Build.0 = Release|Any CPU
		{21D1DEA2-B909-4B77-9B65-382D3E69A53E}.Release|Any CPU.Deploy.0 = Release|Any CPU
		{21D1DEA2-B909-4B77-9B65-382D3E69A53E}.Release|iPhone.ActiveCfg = Release|Any CPU
		{21D1DEA2-B909-4B77-9B65-382D3E69A53E}.Release|iPhone.Build.0 = Release|Any CPU
		{21D1DEA2-B909-4B77-9B65-382D3E69A53E}.Release|iPhone.Deploy.0 = Release|Any CPU
		{21D1DEA2-B909-4B77-9B65-382D3E69A53E}.Release|iPhoneSimulator.ActiveCfg = Release|Any CPU
		{21D1DEA2-B909-4B77-9B65-382D3E69A53E}.Release|iPhoneSimulator.Build.0 = Release|Any CPU
		{21D1DEA2-B909-4B77-9B65-382D3E69A53E}.Release|iPhoneSimulator.Deploy.0 = Release|Any CPU
		{1A0B38BC-8B5D-49D1-B552-7AE2FA8C8F6E}.Ad-Hoc|Any CPU.ActiveCfg = Ad-Hoc|iPhone
		{1A0B38BC-8B5D-49D1-B552-7AE2FA8C8F6E}.Ad-Hoc|iPhone.ActiveCfg = Ad-Hoc|iPhone
		{1A0B38BC-8B5D-49D1-B552-7AE2FA8C8F6E}.Ad-Hoc|iPhone.Build.0 = Ad-Hoc|iPhone
		{1A0B38BC-8B5D-49D1-B552-7AE2FA8C8F6E}.Ad-Hoc|iPhoneSimulator.ActiveCfg = Ad-Hoc|iPhoneSimulator
		{1A0B38BC-8B5D-49D1-B552-7AE2FA8C8F6E}.Ad-Hoc|iPhoneSimulator.Build.0 = Ad-Hoc|iPhoneSimulator
		{1A0B38BC-8B5D-49D1-B552-7AE2FA8C8F6E}.AppStore|Any CPU.ActiveCfg = AppStore|iPhone
		{1A0B38BC-8B5D-49D1-B552-7AE2FA8C8F6E}.AppStore|iPhone.ActiveCfg = AppStore|iPhone
		{1A0B38BC-8B5D-49D1-B552-7AE2FA8C8F6E}.AppStore|iPhone.Build.0 = AppStore|iPhone
		{1A0B38BC-8B5D-49D1-B552-7AE2FA8C8F6E}.AppStore|iPhoneSimulator.ActiveCfg = AppStore|iPhoneSimulator
		{1A0B38BC-8B5D-49D1-B552-7AE2FA8C8F6E}.AppStore|iPhoneSimulator.Build.0 = AppStore|iPhoneSimulator
		{1A0B38BC-8B5D-49D1-B552-7AE2FA8C8F6E}.Debug|Any CPU.ActiveCfg = Debug|iPhone
		{1A0B38BC-8B5D-49D1-B552-7AE2FA8C8F6E}.Debug|iPhone.ActiveCfg = Debug|iPhone
		{1A0B38BC-8B5D-49D1-B552-7AE2FA8C8F6E}.Debug|iPhone.Build.0 = Debug|iPhone
		{1A0B38BC-8B5D-49D1-B552-7AE2FA8C8F6E}.Debug|iPhoneSimulator.ActiveCfg = Debug|iPhoneSimulator
		{1A0B38BC-8B5D-49D1-B552-7AE2FA8C8F6E}.Debug|iPhoneSimulator.Build.0 = Debug|iPhoneSimulator
		{1A0B38BC-8B5D-49D1-B552-7AE2FA8C8F6E}.Release|Any CPU.ActiveCfg = Release|iPhone
		{1A0B38BC-8B5D-49D1-B552-7AE2FA8C8F6E}.Release|iPhone.ActiveCfg = Release|iPhone
		{1A0B38BC-8B5D-49D1-B552-7AE2FA8C8F6E}.Release|iPhone.Build.0 = Release|iPhone
		{1A0B38BC-8B5D-49D1-B552-7AE2FA8C8F6E}.Release|iPhoneSimulator.ActiveCfg = Release|iPhoneSimulator
		{1A0B38BC-8B5D-49D1-B552-7AE2FA8C8F6E}.Release|iPhoneSimulator.Build.0 = Release|iPhoneSimulator
		{7E141623-E849-42C3-9870-3D1D7B6D2C6A}.Ad-Hoc|Any CPU.ActiveCfg = Release|Any CPU
		{7E141623-E849-42C3-9870-3D1D7B6D2C6A}.Ad-Hoc|Any CPU.Build.0 = Release|Any CPU
		{7E141623-E849-42C3-9870-3D1D7B6D2C6A}.Ad-Hoc|Any CPU.Deploy.0 = Release|Any CPU
		{7E141623-E849-42C3-9870-3D1D7B6D2C6A}.Ad-Hoc|iPhone.ActiveCfg = Release|Any CPU
		{7E141623-E849-42C3-9870-3D1D7B6D2C6A}.Ad-Hoc|iPhone.Build.0 = Release|Any CPU
		{7E141623-E849-42C3-9870-3D1D7B6D2C6A}.Ad-Hoc|iPhone.Deploy.0 = Release|Any CPU
		{7E141623-E849-42C3-9870-3D1D7B6D2C6A}.Ad-Hoc|iPhoneSimulator.ActiveCfg = Release|Any CPU
		{7E141623-E849-42C3-9870-3D1D7B6D2C6A}.Ad-Hoc|iPhoneSimulator.Build.0 = Release|Any CPU
		{7E141623-E849-42C3-9870-3D1D7B6D2C6A}.Ad-Hoc|iPhoneSimulator.Deploy.0 = Release|Any CPU
		{7E141623-E849-42C3-9870-3D1D7B6D2C6A}.AppStore|Any CPU.ActiveCfg = Release|Any CPU
		{7E141623-E849-42C3-9870-3D1D7B6D2C6A}.AppStore|Any CPU.Build.0 = Release|Any CPU
		{7E141623-E849-42C3-9870-3D1D7B6D2C6A}.AppStore|Any CPU.Deploy.0 = Release|Any CPU
		{7E141623-E849-42C3-9870-3D1D7B6D2C6A}.AppStore|iPhone.ActiveCfg = Release|Any CPU
		{7E141623-E849-42C3-9870-3D1D7B6D2C6A}.AppStore|iPhone.Build.0 = Release|Any CPU
		{7E141623-E849-42C3-9870-3D1D7B6D2C6A}.AppStore|iPhone.Deploy.0 = Release|Any CPU
		{7E141623-E849-42C3-9870-3D1D7B6D2C6A}.AppStore|iPhoneSimulator.ActiveCfg = Release|Any CPU
		{7E141623-E849-42C3-9870-3D1D7B6D2C6A}.AppStore|iPhoneSimulator.Build.0 = Release|Any CPU
		{7E141623-E849-42C3-9870-3D1D7B6D2C6A}.AppStore|iPhoneSimulator.Deploy.0 = Release|Any CPU
		{7E141623-E849-42C3-9870-3D1D7B6D2C6A}.Debug|Any CPU.ActiveCfg = Debug|Any CPU
		{7E141623-E849-42C3-9870-3D1D7B6D2C6A}.Debug|Any CPU.Build.0 = Debug|Any CPU
		{7E141623-E849-42C3-9870-3D1D7B6D2C6A}.Debug|Any CPU.Deploy.0 = Debug|Any CPU
		{7E141623-E849-42C3-9870-3D1D7B6D2C6A}.Debug|iPhone.ActiveCfg = Debug|Any CPU
		{7E141623-E849-42C3-9870-3D1D7B6D2C6A}.Debug|iPhone.Build.0 = Debug|Any CPU
		{7E141623-E849-42C3-9870-3D1D7B6D2C6A}.Debug|iPhone.Deploy.0 = Debug|Any CPU
		{7E141623-E849-42C3-9870-3D1D7B6D2C6A}.Debug|iPhoneSimulator.ActiveCfg = Debug|Any CPU
		{7E141623-E849-42C3-9870-3D1D7B6D2C6A}.Debug|iPhoneSimulator.Build.0 = Debug|Any CPU
		{7E141623-E849-42C3-9870-3D1D7B6D2C6A}.Debug|iPhoneSimulator.Deploy.0 = Debug|Any CPU
		{7E141623-E849-42C3-9870-3D1D7B6D2C6A}.Release|Any CPU.ActiveCfg = Release|Any CPU
		{7E141623-E849-42C3-9870-3D1D7B6D2C6A}.Release|Any CPU.Build.0 = Release|Any CPU
		{7E141623-E849-42C3-9870-3D1D7B6D2C6A}.Release|Any CPU.Deploy.0 = Release|Any CPU
		{7E141623-E849-42C3-9870-3D1D7B6D2C6A}.Release|iPhone.ActiveCfg = Release|Any CPU
		{7E141623-E849-42C3-9870-3D1D7B6D2C6A}.Release|iPhone.Build.0 = Release|Any CPU
		{7E141623-E849-42C3-9870-3D1D7B6D2C6A}.Release|iPhone.Deploy.0 = Release|Any CPU
		{7E141623-E849-42C3-9870-3D1D7B6D2C6A}.Release|iPhoneSimulator.ActiveCfg = Release|Any CPU
		{7E141623-E849-42C3-9870-3D1D7B6D2C6A}.Release|iPhoneSimulator.Build.0 = Release|Any CPU
		{7E141623-E849-42C3-9870-3D1D7B6D2C6A}.Release|iPhoneSimulator.Deploy.0 = Release|Any CPU
		{3743086E-851C-488B-B7CF-D65FCA70E634}.Ad-Hoc|Any CPU.ActiveCfg = Release|iPhone
		{3743086E-851C-488B-B7CF-D65FCA70E634}.Ad-Hoc|Any CPU.Build.0 = Release|iPhone
		{3743086E-851C-488B-B7CF-D65FCA70E634}.Ad-Hoc|iPhone.ActiveCfg = Release|iPhone
		{3743086E-851C-488B-B7CF-D65FCA70E634}.Ad-Hoc|iPhone.Build.0 = Release|iPhone
		{3743086E-851C-488B-B7CF-D65FCA70E634}.Ad-Hoc|iPhoneSimulator.ActiveCfg = Release|iPhoneSimulator
		{3743086E-851C-488B-B7CF-D65FCA70E634}.Ad-Hoc|iPhoneSimulator.Build.0 = Release|iPhoneSimulator
		{3743086E-851C-488B-B7CF-D65FCA70E634}.AppStore|Any CPU.ActiveCfg = Release|iPhone
		{3743086E-851C-488B-B7CF-D65FCA70E634}.AppStore|Any CPU.Build.0 = Release|iPhone
		{3743086E-851C-488B-B7CF-D65FCA70E634}.AppStore|iPhone.ActiveCfg = Release|iPhone
		{3743086E-851C-488B-B7CF-D65FCA70E634}.AppStore|iPhone.Build.0 = Release|iPhone
		{3743086E-851C-488B-B7CF-D65FCA70E634}.AppStore|iPhoneSimulator.ActiveCfg = Release|iPhoneSimulator
		{3743086E-851C-488B-B7CF-D65FCA70E634}.AppStore|iPhoneSimulator.Build.0 = Release|iPhoneSimulator
		{3743086E-851C-488B-B7CF-D65FCA70E634}.Debug|Any CPU.ActiveCfg = Debug|iPhone
		{3743086E-851C-488B-B7CF-D65FCA70E634}.Debug|iPhone.ActiveCfg = Debug|iPhone
		{3743086E-851C-488B-B7CF-D65FCA70E634}.Debug|iPhone.Build.0 = Debug|iPhone
		{3743086E-851C-488B-B7CF-D65FCA70E634}.Debug|iPhoneSimulator.ActiveCfg = Debug|iPhoneSimulator
		{3743086E-851C-488B-B7CF-D65FCA70E634}.Debug|iPhoneSimulator.Build.0 = Debug|iPhoneSimulator
		{3743086E-851C-488B-B7CF-D65FCA70E634}.Release|Any CPU.ActiveCfg = Release|iPhone
		{3743086E-851C-488B-B7CF-D65FCA70E634}.Release|iPhone.ActiveCfg = Release|iPhone
		{3743086E-851C-488B-B7CF-D65FCA70E634}.Release|iPhone.Build.0 = Release|iPhone
		{3743086E-851C-488B-B7CF-D65FCA70E634}.Release|iPhoneSimulator.ActiveCfg = Release|iPhoneSimulator
		{3743086E-851C-488B-B7CF-D65FCA70E634}.Release|iPhoneSimulator.Build.0 = Release|iPhoneSimulator
	EndGlobalSection
	GlobalSection(SolutionProperties) = preSolution
		HideSolutionNode = FALSE
	EndGlobalSection
	GlobalSection(ExtensibilityGlobals) = postSolution
		SolutionGuid = {9C3BC4AB-5153-4B5F-BEF9-ED287D6EFDCE}
	EndGlobalSection
EndGlobal
